{
  "name": "rahv-common",
  "version": "0.0.1",
  "lockfileVersion": 1,
  "requires": true,
  "dependencies": {
    "rahv-stream-client": {
      "version": "file:../client",
      "requires": {
        "graphql-request": "1.4.0",
        "ws": "3.2.0"
      },
      "dependencies": {
        "async-limiter": {
          "version": "1.0.0",
          "bundled": true
        },
        "cross-fetch": {
          "version": "0.0.8",
          "bundled": true,
          "requires": {
            "node-fetch": "1.7.3",
            "whatwg-fetch": "2.0.3"
          }
        },
        "encoding": {
          "version": "0.1.12",
          "bundled": true,
          "requires": {
            "iconv-lite": "0.4.19"
          }
        },
        "graphql-request": {
          "version": "1.4.0",
          "bundled": true,
          "requires": {
            "cross-fetch": "0.0.8"
          }
        },
        "iconv-lite": {
          "version": "0.4.19",
          "bundled": true
        },
        "is-stream": {
          "version": "1.1.0",
          "bundled": true
        },
        "node-fetch": {
          "version": "1.7.3",
          "bundled": true,
          "requires": {
            "encoding": "0.1.12",
            "is-stream": "1.1.0"
          }
        },
        "safe-buffer": {
          "version": "5.1.1",
          "bundled": true
        },
        "ultron": {
          "version": "1.1.0",
          "bundled": true
        },
        "whatwg-fetch": {
          "version": "2.0.3",
          "bundled": true
        },
        "ws": {
          "version": "3.2.0",
          "bundled": true,
          "requires": {
            "async-limiter": "1.0.0",
            "safe-buffer": "5.1.1",
            "ultron": "1.1.0"
          }
        }
      }
    }
  }
}
